
Microsoft Visual Studio Solution File, Format Version 12.00
# Visual Studio Version 16
VisualStudioVersion = 16.0.31729.503
MinimumVisualStudioVersion = 10.0.40219.1
Project("{FAE04EC0-301F-11D3-BF4B-00C04F79EFBC}") = "Library_management_system", "Library_management_system\Library_management_system.csproj", "{DCB71703-8197-4ACC-923C-BA92D341B107}"
EndProject
Global
	GlobalSection(SolutionConfigurationPlatforms) = preSolution
		Debug|Any CPU = Debug|Any CPU
		Release|Any CPU = Release|Any CPU
	EndGlobalSection
	GlobalSection(ProjectConfigurationPlatforms) = postSolution
		{DCB71703-8197-4ACC-923C-BA92D341B107}.Debug|Any CPU.ActiveCfg = Debug|Any CPU
		{DCB71703-8197-4ACC-923C-BA92D341B107}.Debug|Any CPU.Build.0 = Debug|Any CPU
		{DCB71703-8197-4ACC-923C-BA92D341B107}.Release|Any CPU.ActiveCfg = Release|Any CPU
		{DCB71703-8197-4ACC-923C-BA92D341B107}.Release|Any CPU.Build.0 = Release|Any CPU
	EndGlobalSection
	GlobalSection(SolutionProperties) = preSolution
		HideSolutionNode = FALSE
	EndGlobalSection
	GlobalSection(ExtensibilityGlobals) = postSolution
		SolutionGuid = {CAA7868D-C9B2-4D6C-8220-61DEEF0BB63B}
	EndGlobalSection
EndGlobal
